
Microsoft Visual Studio Solution File, Format Version 12.00
# Visual Studio Version 17
VisualStudioVersion = 17.11.35222.181
MinimumVisualStudioVersion = 10.0.40219.1
Project("{FAE04EC0-301F-11D3-BF4B-00C04F79EFBC}") = "UsersRestAPI", "UsersRestAPI\UsersRestAPI.csproj", "{F1D5B75E-12ED-41AF-9D79-05E42CED4C40}"
EndProject
Global
	GlobalSection(SolutionConfigurationPlatforms) = preSolution
		Debug|Any CPU = Debug|Any CPU
		Release|Any CPU = Release|Any CPU
	EndGlobalSection
	GlobalSection(ProjectConfigurationPlatforms) = postSolution
		{F1D5B75E-12ED-41AF-9D79-05E42CED4C40}.Debug|Any CPU.ActiveCfg = Debug|Any CPU
		{F1D5B75E-12ED-41AF-9D79-05E42CED4C40}.Debug|Any CPU.Build.0 = Debug|Any CPU
		{F1D5B75E-12ED-41AF-9D79-05E42CED4C40}.Release|Any CPU.ActiveCfg = Release|Any CPU
		{F1D5B75E-12ED-41AF-9D79-05E42CED4C40}.Release|Any CPU.Build.0 = Release|Any CPU
	EndGlobalSection
	GlobalSection(SolutionProperties) = preSolution
		HideSolutionNode = FALSE
	EndGlobalSection
	GlobalSection(ExtensibilityGlobals) = postSolution
		SolutionGuid = {73006B37-C2DE-4F62-8D44-0FDCA1FAD244}
	EndGlobalSection
EndGlobal
